
Microsoft Visual Studio Solution File, Format Version 12.00
# Visual Studio Version 17
VisualStudioVersion = 17.14.36212.18 d17.14
MinimumVisualStudioVersion = 10.0.40219.1
Project("{FAE04EC0-301F-11D3-BF4B-00C04F79EFBC}") = "BackEnd", "BackEnd\BackEnd.csproj", "{EBB9308D-A4C7-4FC4-A4B1-C87F39EBA2E6}"
EndProject
Project("{FAE04EC0-301F-11D3-BF4B-00C04F79EFBC}") = "BackendTests", "BackendTests\BackendTests.csproj", "{7249B1DE-E2BD-47A5-8749-45112237A4D8}"
EndProject
Global
	GlobalSection(SolutionConfigurationPlatforms) = preSolution
		Debug|Any CPU = Debug|Any CPU
		Release|Any CPU = Release|Any CPU
	EndGlobalSection
	GlobalSection(ProjectConfigurationPlatforms) = postSolution
		{EBB9308D-A4C7-4FC4-A4B1-C87F39EBA2E6}.Debug|Any CPU.ActiveCfg = Debug|Any CPU
		{EBB9308D-A4C7-4FC4-A4B1-C87F39EBA2E6}.Debug|Any CPU.Build.0 = Debug|Any CPU
		{EBB9308D-A4C7-4FC4-A4B1-C87F39EBA2E6}.Release|Any CPU.ActiveCfg = Release|Any CPU
		{EBB9308D-A4C7-4FC4-A4B1-C87F39EBA2E6}.Release|Any CPU.Build.0 = Release|Any CPU
		{7249B1DE-E2BD-47A5-8749-45112237A4D8}.Debug|Any CPU.ActiveCfg = Debug|Any CPU
		{7249B1DE-E2BD-47A5-8749-45112237A4D8}.Debug|Any CPU.Build.0 = Debug|Any CPU
		{7249B1DE-E2BD-47A5-8749-45112237A4D8}.Release|Any CPU.ActiveCfg = Release|Any CPU
		{7249B1DE-E2BD-47A5-8749-45112237A4D8}.Release|Any CPU.Build.0 = Release|Any CPU
	EndGlobalSection
	GlobalSection(SolutionProperties) = preSolution
		HideSolutionNode = FALSE
	EndGlobalSection
	GlobalSection(ExtensibilityGlobals) = postSolution
		SolutionGuid = {F84DB567-61F4-4A3D-9026-458C40332C60}
	EndGlobalSection
EndGlobal
